{
  "requires": true,
  "lockfileVersion": 1,
  "dependencies": {
    "@fortawesome/fontawesome-free": {
      "version": "5.13.1",
      "resolved": "https://registry.npmjs.org/@fortawesome/fontawesome-free/-/fontawesome-free-5.13.1.tgz",
      "integrity": "sha512-D819f34FLHeBN/4xvw0HR0u7U2G7RqjPSggXqf7LktsxWQ48VAfGwvMrhcVuaZV2fF069c/619RdgCCms0DHhw=="
    },
    "bootstrap": {
      "version": "5.0.0-alpha1",
      "resolved": "https://registry.npmjs.org/bootstrap/-/bootstrap-5.0.0-alpha1.tgz",
      "integrity": "sha512-iwKneP2pLXl8lN0YpnOuOARiNPTzmh/4cw+Un86u4OqrMLuQpyMC7nO07hvivvcg0B/ektJPjuPnS1s+YmRK9A=="
    },
    "fontawesome": {
      "version": "5.6.3",
      "resolved": "https://registry.npmjs.org/fontawesome/-/fontawesome-5.6.3.tgz",
      "integrity": "sha512-FCc+CawwsJWWprVEg9X14yI7zI+l9YVAyhzgu70qwGeDn0tLLDH/dVfqgij72g4BBGgLGfK2qnvFGAmYUkhaWg=="
    }
  }
}
